
Microsoft Visual Studio Solution File, Format Version 12.00
# Visual Studio Version 17
VisualStudioVersion = 17.7.34202.233
MinimumVisualStudioVersion = 10.0.40219.1
Project("{FAE04EC0-301F-11D3-BF4B-00C04F79EFBC}") = "HelloApp6", "HelloApp6\HelloApp6.csproj", "{54DE32F1-063E-4BE5-B347-CE9F9AC65CFC}"
EndProject
Global
	GlobalSection(SolutionConfigurationPlatforms) = preSolution
		Debug|Any CPU = Debug|Any CPU
		Release|Any CPU = Release|Any CPU
	EndGlobalSection
	GlobalSection(ProjectConfigurationPlatforms) = postSolution
		{54DE32F1-063E-4BE5-B347-CE9F9AC65CFC}.Debug|Any CPU.ActiveCfg = Debug|Any CPU
		{54DE32F1-063E-4BE5-B347-CE9F9AC65CFC}.Debug|Any CPU.Build.0 = Debug|Any CPU
		{54DE32F1-063E-4BE5-B347-CE9F9AC65CFC}.Release|Any CPU.ActiveCfg = Release|Any CPU
		{54DE32F1-063E-4BE5-B347-CE9F9AC65CFC}.Release|Any CPU.Build.0 = Release|Any CPU
	EndGlobalSection
	GlobalSection(SolutionProperties) = preSolution
		HideSolutionNode = FALSE
	EndGlobalSection
	GlobalSection(ExtensibilityGlobals) = postSolution
		SolutionGuid = {AC4866C3-1190-4082-A1BB-A93369591DB0}
	EndGlobalSection
EndGlobal
